
Microsoft Visual Studio Solution File, Format Version 12.00
# Visual Studio Version 17
VisualStudioVersion = 17.1.32228.430
MinimumVisualStudioVersion = 10.0.40219.1
Project("{2150E333-8FDC-42A3-9474-1A3956D46DE8}") = "1.Host", "1.Host", "{92926067-BC80-4B20-A390-981FC51F146C}"
EndProject
Project("{2150E333-8FDC-42A3-9474-1A3956D46DE8}") = "3.Application", "3.Application", "{0B0F3652-B54A-4FD6-B16B-E751B4E8127F}"
EndProject
Project("{2150E333-8FDC-42A3-9474-1A3956D46DE8}") = "4.Domain", "4.Domain", "{49255A73-E353-479F-9CA9-018FA3805D8F}"
EndProject
Project("{2150E333-8FDC-42A3-9474-1A3956D46DE8}") = "5.Infrastructure", "5.Infrastructure", "{1C2947CF-0C69-4B58-8769-2B1DDDAAD0C9}"
EndProject
Project("{2150E333-8FDC-42A3-9474-1A3956D46DE8}") = "0.BuildingBlocks", "0.BuildingBlocks", "{17EF2C24-93F3-4005-8157-344FC9BCE37B}"
EndProject
Project("{2150E333-8FDC-42A3-9474-1A3956D46DE8}") = "6.Test", "6.Test", "{02EA7345-6B15-4D05-B518-09CBF62AFD27}"
EndProject
Project("{9A19103F-16F7-4668-BE54-9A1E7A4F7556}") = "Aitor.TemplateName.App", "src\Aitor.TemplateName.App\Aitor.TemplateName.App.csproj", "{695DA26F-635B-4052-BD01-4184E42CA694}"
EndProject
Project("{9A19103F-16F7-4668-BE54-9A1E7A4F7556}") = "Aitor.TemplateName.Models", "src\Aitor.TemplateName.Models\Aitor.TemplateName.Models.csproj", "{77035463-AA50-4861-A616-B7586F9BC036}"
EndProject
Project("{9A19103F-16F7-4668-BE54-9A1E7A4F7556}") = "Aitor.TemplateName.Dom", "src\Aitor.TemplateName.Dom\Aitor.TemplateName.Dom.csproj", "{1D4F3C0A-97F4-475D-96E0-7CDF7737ADEF}"
EndProject
Project("{9A19103F-16F7-4668-BE54-9A1E7A4F7556}") = "Aitor.TemplateName.Data", "src\Aitor.TemplateName.Data\Aitor.TemplateName.Data.csproj", "{4CAABB81-BEBD-4659-BA77-E14A5658231A}"
EndProject
Project("{9A19103F-16F7-4668-BE54-9A1E7A4F7556}") = "Aitor.TemplateName.Api.Tests", "test\Aitor.TemplateName.Api.Tests\Aitor.TemplateName.Api.Tests.csproj", "{C8312A55-B12A-470D-9993-F2DC46EA9073}"
EndProject
Project("{9A19103F-16F7-4668-BE54-9A1E7A4F7556}") = "Aitor.TemplateName.App.Tests", "test\Aitor.TemplateName.App.Tests\Aitor.TemplateName.App.Tests.csproj", "{EA9B1B55-9FBF-455C-A1D7-9A78D3988DA8}"
EndProject
Project("{9A19103F-16F7-4668-BE54-9A1E7A4F7556}") = "Aitor.TemplateName.Dom.Tests", "test\Aitor.TemplateName.Dom.Tests\Aitor.TemplateName.Dom.Tests.csproj", "{C30E317E-9B58-4B29-B0AB-A9EC75C52167}"
EndProject
Project("{2150E333-8FDC-42A3-9474-1A3956D46DE8}") = "2.WebApi", "2.WebApi", "{FA84FEFD-213D-4C92-977F-AB6284B8C9F7}"
EndProject
Project("{9A19103F-16F7-4668-BE54-9A1E7A4F7556}") = "Aitor.TemplateName.Api", "src\Aitor.TemplateName.Api\Aitor.TemplateName.Api.csproj", "{1D4CB57F-2306-4225-A832-6DDAC85BEB22}"
EndProject
Project("{9A19103F-16F7-4668-BE54-9A1E7A4F7556}") = "Aitor.TemplateName.Service", "src\Aitor.TemplateName.Service\Aitor.TemplateName.Service.csproj", "{B650CFAF-86FC-48A2-BBAC-EFBD1D54B511}"
EndProject
Project("{9A19103F-16F7-4668-BE54-9A1E7A4F7556}") = "Aitor.BuildingBlocks.CQRS", "src\BuildingBlocks\Aitor.BuildingBlocks.CQRS\Aitor.BuildingBlocks.CQRS.csproj", "{6C8C2CDB-BBB7-422A-85B3-53C8D55AB03D}"
EndProject
Project("{9A19103F-16F7-4668-BE54-9A1E7A4F7556}") = "Aitor.BuildingBlocks.Data", "src\BuildingBlocks\Aitor.BuildingBlocks.Data\Aitor.BuildingBlocks.Data.csproj", "{3BF39C60-AFDD-4D16-8C3E-8B3CF97C1AF8}"
EndProject
Project("{9A19103F-16F7-4668-BE54-9A1E7A4F7556}") = "Aitor.BuildingBlocks.Dom", "src\BuildingBlocks\Aitor.BuildingBlocks.Dom\Aitor.BuildingBlocks.Dom.csproj", "{35D838E7-E94D-43A1-A77A-8959FFABE54E}"
EndProject
Project("{9A19103F-16F7-4668-BE54-9A1E7A4F7556}") = "Aitor.BuildingBlocks.Internationalization", "src\BuildingBlocks\Aitor.BuildingBlocks.Language\Aitor.BuildingBlocks.Internationalization.csproj", "{8A2743B5-3CF0-4893-8FB5-0E14721A0C24}"
EndProject
Project("{9A19103F-16F7-4668-BE54-9A1E7A4F7556}") = "Aitor.BuildingBlocks.Logging", "src\BuildingBlocks\Aitor.BuildingBlocks.Logging\Aitor.BuildingBlocks.Logging.csproj", "{CD2C9E1A-F914-4E3D-A2B6-ACD273C46C02}"
EndProject
Project("{9A19103F-16F7-4668-BE54-9A1E7A4F7556}") = "Aitor.BuildingBlocks.App", "src\BuildingBlocks\Aitor.BuildingBlocks.App\Aitor.BuildingBlocks.App.csproj", "{E3FC4664-DD32-44BE-8B21-2A41C47A1855}"
EndProject
Global
	GlobalSection(SolutionConfigurationPlatforms) = preSolution
		Debug|Any CPU = Debug|Any CPU
		Debug|x64 = Debug|x64
		Debug|x86 = Debug|x86
		Release|Any CPU = Release|Any CPU
		Release|x64 = Release|x64
		Release|x86 = Release|x86
	EndGlobalSection
	GlobalSection(ProjectConfigurationPlatforms) = postSolution
		{695DA26F-635B-4052-BD01-4184E42CA694}.Debug|Any CPU.ActiveCfg = Debug|Any CPU
		{695DA26F-635B-4052-BD01-4184E42CA694}.Debug|Any CPU.Build.0 = Debug|Any CPU
		{695DA26F-635B-4052-BD01-4184E42CA694}.Debug|x64.ActiveCfg = Debug|Any CPU
		{695DA26F-635B-4052-BD01-4184E42CA694}.Debug|x64.Build.0 = Debug|Any CPU
		{695DA26F-635B-4052-BD01-4184E42CA694}.Debug|x86.ActiveCfg = Debug|Any CPU
		{695DA26F-635B-4052-BD01-4184E42CA694}.Debug|x86.Build.0 = Debug|Any CPU
		{695DA26F-635B-4052-BD01-4184E42CA694}.Release|Any CPU.ActiveCfg = Release|Any CPU
		{695DA26F-635B-4052-BD01-4184E42CA694}.Release|Any CPU.Build.0 = Release|Any CPU
		{695DA26F-635B-4052-BD01-4184E42CA694}.Release|x64.ActiveCfg = Release|Any CPU
		{695DA26F-635B-4052-BD01-4184E42CA694}.Release|x64.Build.0 = Release|Any CPU
		{695DA26F-635B-4052-BD01-4184E42CA694}.Release|x86.ActiveCfg = Release|Any CPU
		{695DA26F-635B-4052-BD01-4184E42CA694}.Release|x86.Build.0 = Release|Any CPU
		{77035463-AA50-4861-A616-B7586F9BC036}.Debug|Any CPU.ActiveCfg = Debug|Any CPU
		{77035463-AA50-4861-A616-B7586F9BC036}.Debug|Any CPU.Build.0 = Debug|Any CPU
		{77035463-AA50-4861-A616-B7586F9BC036}.Debug|x64.ActiveCfg = Debug|Any CPU
		{77035463-AA50-4861-A616-B7586F9BC036}.Debug|x64.Build.0 = Debug|Any CPU
		{77035463-AA50-4861-A616-B7586F9BC036}.Debug|x86.ActiveCfg = Debug|Any CPU
		{77035463-AA50-4861-A616-B7586F9BC036}.Debug|x86.Build.0 = Debug|Any CPU
		{77035463-AA50-4861-A616-B7586F9BC036}.Release|Any CPU.ActiveCfg = Release|Any CPU
		{77035463-AA50-4861-A616-B7586F9BC036}.Release|Any CPU.Build.0 = Release|Any CPU
		{77035463-AA50-4861-A616-B7586F9BC036}.Release|x64.ActiveCfg = Release|Any CPU
		{77035463-AA50-4861-A616-B7586F9BC036}.Release|x64.Build.0 = Release|Any CPU
		{77035463-AA50-4861-A616-B7586F9BC036}.Release|x86.ActiveCfg = Release|Any CPU
		{77035463-AA50-4861-A616-B7586F9BC036}.Release|x86.Build.0 = Release|Any CPU
		{1D4F3C0A-97F4-475D-96E0-7CDF7737ADEF}.Debug|Any CPU.ActiveCfg = Debug|Any CPU
		{1D4F3C0A-97F4-475D-96E0-7CDF7737ADEF}.Debug|Any CPU.Build.0 = Debug|Any CPU
		{1D4F3C0A-97F4-475D-96E0-7CDF7737ADEF}.Debug|x64.ActiveCfg = Debug|Any CPU
		{1D4F3C0A-97F4-475D-96E0-7CDF7737ADEF}.Debug|x64.Build.0 = Debug|Any CPU
		{1D4F3C0A-97F4-475D-96E0-7CDF7737ADEF}.Debug|x86.ActiveCfg = Debug|Any CPU
		{1D4F3C0A-97F4-475D-96E0-7CDF7737ADEF}.Debug|x86.Build.0 = Debug|Any CPU
		{1D4F3C0A-97F4-475D-96E0-7CDF7737ADEF}.Release|Any CPU.ActiveCfg = Release|Any CPU
		{1D4F3C0A-97F4-475D-96E0-7CDF7737ADEF}.Release|Any CPU.Build.0 = Release|Any CPU
		{1D4F3C0A-97F4-475D-96E0-7CDF7737ADEF}.Release|x64.ActiveCfg = Release|Any CPU
		{1D4F3C0A-97F4-475D-96E0-7CDF7737ADEF}.Release|x64.Build.0 = Release|Any CPU
		{1D4F3C0A-97F4-475D-96E0-7CDF7737ADEF}.Release|x86.ActiveCfg = Release|Any CPU
		{1D4F3C0A-97F4-475D-96E0-7CDF7737ADEF}.Release|x86.Build.0 = Release|Any CPU
		{4CAABB81-BEBD-4659-BA77-E14A5658231A}.Debug|Any CPU.ActiveCfg = Debug|Any CPU
		{4CAABB81-BEBD-4659-BA77-E14A5658231A}.Debug|Any CPU.Build.0 = Debug|Any CPU
		{4CAABB81-BEBD-4659-BA77-E14A5658231A}.Debug|x64.ActiveCfg = Debug|Any CPU
		{4CAABB81-BEBD-4659-BA77-E14A5658231A}.Debug|x64.Build.0 = Debug|Any CPU
		{4CAABB81-BEBD-4659-BA77-E14A5658231A}.Debug|x86.ActiveCfg = Debug|Any CPU
		{4CAABB81-BEBD-4659-BA77-E14A5658231A}.Debug|x86.Build.0 = Debug|Any CPU
		{4CAABB81-BEBD-4659-BA77-E14A5658231A}.Release|Any CPU.ActiveCfg = Release|Any CPU
		{4CAABB81-BEBD-4659-BA77-E14A5658231A}.Release|Any CPU.Build.0 = Release|Any CPU
		{4CAABB81-BEBD-4659-BA77-E14A5658231A}.Release|x64.ActiveCfg = Release|Any CPU
		{4CAABB81-BEBD-4659-BA77-E14A5658231A}.Release|x64.Build.0 = Release|Any CPU
		{4CAABB81-BEBD-4659-BA77-E14A5658231A}.Release|x86.ActiveCfg = Release|Any CPU
		{4CAABB81-BEBD-4659-BA77-E14A5658231A}.Release|x86.Build.0 = Release|Any CPU
		{C8312A55-B12A-470D-9993-F2DC46EA9073}.Debug|Any CPU.ActiveCfg = Debug|Any CPU
		{C8312A55-B12A-470D-9993-F2DC46EA9073}.Debug|Any CPU.Build.0 = Debug|Any CPU
		{C8312A55-B12A-470D-9993-F2DC46EA9073}.Debug|x64.ActiveCfg = Debug|Any CPU
		{C8312A55-B12A-470D-9993-F2DC46EA9073}.Debug|x64.Build.0 = Debug|Any CPU
		{C8312A55-B12A-470D-9993-F2DC46EA9073}.Debug|x86.ActiveCfg = Debug|Any CPU
		{C8312A55-B12A-470D-9993-F2DC46EA9073}.Debug|x86.Build.0 = Debug|Any CPU
		{C8312A55-B12A-470D-9993-F2DC46EA9073}.Release|Any CPU.ActiveCfg = Release|Any CPU
		{C8312A55-B12A-470D-9993-F2DC46EA9073}.Release|Any CPU.Build.0 = Release|Any CPU
		{C8312A55-B12A-470D-9993-F2DC46EA9073}.Release|x64.ActiveCfg = Release|Any CPU
		{C8312A55-B12A-470D-9993-F2DC46EA9073}.Release|x64.Build.0 = Release|Any CPU
		{C8312A55-B12A-470D-9993-F2DC46EA9073}.Release|x86.ActiveCfg = Release|Any CPU
		{C8312A55-B12A-470D-9993-F2DC46EA9073}.Release|x86.Build.0 = Release|Any CPU
		{EA9B1B55-9FBF-455C-A1D7-9A78D3988DA8}.Debug|Any CPU.ActiveCfg = Debug|Any CPU
		{EA9B1B55-9FBF-455C-A1D7-9A78D3988DA8}.Debug|Any CPU.Build.0 = Debug|Any CPU
		{EA9B1B55-9FBF-455C-A1D7-9A78D3988DA8}.Debug|x64.ActiveCfg = Debug|Any CPU
		{EA9B1B55-9FBF-455C-A1D7-9A78D3988DA8}.Debug|x64.Build.0 = Debug|Any CPU
		{EA9B1B55-9FBF-455C-A1D7-9A78D3988DA8}.Debug|x86.ActiveCfg = Debug|Any CPU
		{EA9B1B55-9FBF-455C-A1D7-9A78D3988DA8}.Debug|x86.Build.0 = Debug|Any CPU
		{EA9B1B55-9FBF-455C-A1D7-9A78D3988DA8}.Release|Any CPU.ActiveCfg = Release|Any CPU
		{EA9B1B55-9FBF-455C-A1D7-9A78D3988DA8}.Release|Any CPU.Build.0 = Release|Any CPU
		{EA9B1B55-9FBF-455C-A1D7-9A78D3988DA8}.Release|x64.ActiveCfg = Release|Any CPU
		{EA9B1B55-9FBF-455C-A1D7-9A78D3988DA8}.Release|x64.Build.0 = Release|Any CPU
		{EA9B1B55-9FBF-455C-A1D7-9A78D3988DA8}.Release|x86.ActiveCfg = Release|Any CPU
		{EA9B1B55-9FBF-455C-A1D7-9A78D3988DA8}.Release|x86.Build.0 = Release|Any CPU
		{C30E317E-9B58-4B29-B0AB-A9EC75C52167}.Debug|Any CPU.ActiveCfg = Debug|Any CPU
		{C30E317E-9B58-4B29-B0AB-A9EC75C52167}.Debug|Any CPU.Build.0 = Debug|Any CPU
		{C30E317E-9B58-4B29-B0AB-A9EC75C52167}.Debug|x64.ActiveCfg = Debug|Any CPU
		{C30E317E-9B58-4B29-B0AB-A9EC75C52167}.Debug|x64.Build.0 = Debug|Any CPU
		{C30E317E-9B58-4B29-B0AB-A9EC75C52167}.Debug|x86.ActiveCfg = Debug|Any CPU
		{C30E317E-9B58-4B29-B0AB-A9EC75C52167}.Debug|x86.Build.0 = Debug|Any CPU
		{C30E317E-9B58-4B29-B0AB-A9EC75C52167}.Release|Any CPU.ActiveCfg = Release|Any CPU
		{C30E317E-9B58-4B29-B0AB-A9EC75C52167}.Release|Any CPU.Build.0 = Release|Any CPU
		{C30E317E-9B58-4B29-B0AB-A9EC75C52167}.Release|x64.ActiveCfg = Release|Any CPU
		{C30E317E-9B58-4B29-B0AB-A9EC75C52167}.Release|x64.Build.0 = Release|Any CPU
		{C30E317E-9B58-4B29-B0AB-A9EC75C52167}.Release|x86.ActiveCfg = Release|Any CPU
		{C30E317E-9B58-4B29-B0AB-A9EC75C52167}.Release|x86.Build.0 = Release|Any CPU
		{1D4CB57F-2306-4225-A832-6DDAC85BEB22}.Debug|Any CPU.ActiveCfg = Debug|Any CPU
		{1D4CB57F-2306-4225-A832-6DDAC85BEB22}.Debug|Any CPU.Build.0 = Debug|Any CPU
		{1D4CB57F-2306-4225-A832-6DDAC85BEB22}.Debug|x64.ActiveCfg = Debug|Any CPU
		{1D4CB57F-2306-4225-A832-6DDAC85BEB22}.Debug|x64.Build.0 = Debug|Any CPU
		{1D4CB57F-2306-4225-A832-6DDAC85BEB22}.Debug|x86.ActiveCfg = Debug|Any CPU
		{1D4CB57F-2306-4225-A832-6DDAC85BEB22}.Debug|x86.Build.0 = Debug|Any CPU
		{1D4CB57F-2306-4225-A832-6DDAC85BEB22}.Release|Any CPU.ActiveCfg = Release|Any CPU
		{1D4CB57F-2306-4225-A832-6DDAC85BEB22}.Release|Any CPU.Build.0 = Release|Any CPU
		{1D4CB57F-2306-4225-A832-6DDAC85BEB22}.Release|x64.ActiveCfg = Release|Any CPU
		{1D4CB57F-2306-4225-A832-6DDAC85BEB22}.Release|x64.Build.0 = Release|Any CPU
		{1D4CB57F-2306-4225-A832-6DDAC85BEB22}.Release|x86.ActiveCfg = Release|Any CPU
		{1D4CB57F-2306-4225-A832-6DDAC85BEB22}.Release|x86.Build.0 = Release|Any CPU
		{B650CFAF-86FC-48A2-BBAC-EFBD1D54B511}.Debug|Any CPU.ActiveCfg = Debug|Any CPU
		{B650CFAF-86FC-48A2-BBAC-EFBD1D54B511}.Debug|Any CPU.Build.0 = Debug|Any CPU
		{B650CFAF-86FC-48A2-BBAC-EFBD1D54B511}.Debug|x64.ActiveCfg = Debug|Any CPU
		{B650CFAF-86FC-48A2-BBAC-EFBD1D54B511}.Debug|x64.Build.0 = Debug|Any CPU
		{B650CFAF-86FC-48A2-BBAC-EFBD1D54B511}.Debug|x86.ActiveCfg = Debug|Any CPU
		{B650CFAF-86FC-48A2-BBAC-EFBD1D54B511}.Debug|x86.Build.0 = Debug|Any CPU
		{B650CFAF-86FC-48A2-BBAC-EFBD1D54B511}.Release|Any CPU.ActiveCfg = Release|Any CPU
		{B650CFAF-86FC-48A2-BBAC-EFBD1D54B511}.Release|Any CPU.Build.0 = Release|Any CPU
		{B650CFAF-86FC-48A2-BBAC-EFBD1D54B511}.Release|x64.ActiveCfg = Release|Any CPU
		{B650CFAF-86FC-48A2-BBAC-EFBD1D54B511}.Release|x64.Build.0 = Release|Any CPU
		{B650CFAF-86FC-48A2-BBAC-EFBD1D54B511}.Release|x86.ActiveCfg = Release|Any CPU
		{B650CFAF-86FC-48A2-BBAC-EFBD1D54B511}.Release|x86.Build.0 = Release|Any CPU
		{6C8C2CDB-BBB7-422A-85B3-53C8D55AB03D}.Debug|Any CPU.ActiveCfg = Debug|Any CPU
		{6C8C2CDB-BBB7-422A-85B3-53C8D55AB03D}.Debug|Any CPU.Build.0 = Debug|Any CPU
		{6C8C2CDB-BBB7-422A-85B3-53C8D55AB03D}.Debug|x64.ActiveCfg = Debug|Any CPU
		{6C8C2CDB-BBB7-422A-85B3-53C8D55AB03D}.Debug|x64.Build.0 = Debug|Any CPU
		{6C8C2CDB-BBB7-422A-85B3-53C8D55AB03D}.Debug|x86.ActiveCfg = Debug|Any CPU
		{6C8C2CDB-BBB7-422A-85B3-53C8D55AB03D}.Debug|x86.Build.0 = Debug|Any CPU
		{6C8C2CDB-BBB7-422A-85B3-53C8D55AB03D}.Release|Any CPU.ActiveCfg = Release|Any CPU
		{6C8C2CDB-BBB7-422A-85B3-53C8D55AB03D}.Release|Any CPU.Build.0 = Release|Any CPU
		{6C8C2CDB-BBB7-422A-85B3-53C8D55AB03D}.Release|x64.ActiveCfg = Release|Any CPU
		{6C8C2CDB-BBB7-422A-85B3-53C8D55AB03D}.Release|x64.Build.0 = Release|Any CPU
		{6C8C2CDB-BBB7-422A-85B3-53C8D55AB03D}.Release|x86.ActiveCfg = Release|Any CPU
		{6C8C2CDB-BBB7-422A-85B3-53C8D55AB03D}.Release|x86.Build.0 = Release|Any CPU
		{3BF39C60-AFDD-4D16-8C3E-8B3CF97C1AF8}.Debug|Any CPU.ActiveCfg = Debug|Any CPU
		{3BF39C60-AFDD-4D16-8C3E-8B3CF97C1AF8}.Debug|Any CPU.Build.0 = Debug|Any CPU
		{3BF39C60-AFDD-4D16-8C3E-8B3CF97C1AF8}.Debug|x64.ActiveCfg = Debug|Any CPU
		{3BF39C60-AFDD-4D16-8C3E-8B3CF97C1AF8}.Debug|x64.Build.0 = Debug|Any CPU
		{3BF39C60-AFDD-4D16-8C3E-8B3CF97C1AF8}.Debug|x86.ActiveCfg = Debug|Any CPU
		{3BF39C60-AFDD-4D16-8C3E-8B3CF97C1AF8}.Debug|x86.Build.0 = Debug|Any CPU
		{3BF39C60-AFDD-4D16-8C3E-8B3CF97C1AF8}.Release|Any CPU.ActiveCfg = Release|Any CPU
		{3BF39C60-AFDD-4D16-8C3E-8B3CF97C1AF8}.Release|Any CPU.Build.0 = Release|Any CPU
		{3BF39C60-AFDD-4D16-8C3E-8B3CF97C1AF8}.Release|x64.ActiveCfg = Release|Any CPU
		{3BF39C60-AFDD-4D16-8C3E-8B3CF97C1AF8}.Release|x64.Build.0 = Release|Any CPU
		{3BF39C60-AFDD-4D16-8C3E-8B3CF97C1AF8}.Release|x86.ActiveCfg = Release|Any CPU
		{3BF39C60-AFDD-4D16-8C3E-8B3CF97C1AF8}.Release|x86.Build.0 = Release|Any CPU
		{35D838E7-E94D-43A1-A77A-8959FFABE54E}.Debug|Any CPU.ActiveCfg = Debug|Any CPU
		{35D838E7-E94D-43A1-A77A-8959FFABE54E}.Debug|Any CPU.Build.0 = Debug|Any CPU
		{35D838E7-E94D-43A1-A77A-8959FFABE54E}.Debug|x64.ActiveCfg = Debug|Any CPU
		{35D838E7-E94D-43A1-A77A-8959FFABE54E}.Debug|x64.Build.0 = Debug|Any CPU
		{35D838E7-E94D-43A1-A77A-8959FFABE54E}.Debug|x86.ActiveCfg = Debug|Any CPU
		{35D838E7-E94D-43A1-A77A-8959FFABE54E}.Debug|x86.Build.0 = Debug|Any CPU
		{35D838E7-E94D-43A1-A77A-8959FFABE54E}.Release|Any CPU.ActiveCfg = Release|Any CPU
		{35D838E7-E94D-43A1-A77A-8959FFABE54E}.Release|Any CPU.Build.0 = Release|Any CPU
		{35D838E7-E94D-43A1-A77A-8959FFABE54E}.Release|x64.ActiveCfg = Release|Any CPU
		{35D838E7-E94D-43A1-A77A-8959FFABE54E}.Release|x64.Build.0 = Release|Any CPU
		{35D838E7-E94D-43A1-A77A-8959FFABE54E}.Release|x86.ActiveCfg = Release|Any CPU
		{35D838E7-E94D-43A1-A77A-8959FFABE54E}.Release|x86.Build.0 = Release|Any CPU
		{8A2743B5-3CF0-4893-8FB5-0E14721A0C24}.Debug|Any CPU.ActiveCfg = Debug|Any CPU
		{8A2743B5-3CF0-4893-8FB5-0E14721A0C24}.Debug|Any CPU.Build.0 = Debug|Any CPU
		{8A2743B5-3CF0-4893-8FB5-0E14721A0C24}.Debug|x64.ActiveCfg = Debug|Any CPU
		{8A2743B5-3CF0-4893-8FB5-0E14721A0C24}.Debug|x64.Build.0 = Debug|Any CPU
		{8A2743B5-3CF0-4893-8FB5-0E14721A0C24}.Debug|x86.ActiveCfg = Debug|Any CPU
		{8A2743B5-3CF0-4893-8FB5-0E14721A0C24}.Debug|x86.Build.0 = Debug|Any CPU
		{8A2743B5-3CF0-4893-8FB5-0E14721A0C24}.Release|Any CPU.ActiveCfg = Release|Any CPU
		{8A2743B5-3CF0-4893-8FB5-0E14721A0C24}.Release|Any CPU.Build.0 = Release|Any CPU
		{8A2743B5-3CF0-4893-8FB5-0E14721A0C24}.Release|x64.ActiveCfg = Release|Any CPU
		{8A2743B5-3CF0-4893-8FB5-0E14721A0C24}.Release|x64.Build.0 = Release|Any CPU
		{8A2743B5-3CF0-4893-8FB5-0E14721A0C24}.Release|x86.ActiveCfg = Release|Any CPU
		{8A2743B5-3CF0-4893-8FB5-0E14721A0C24}.Release|x86.Build.0 = Release|Any CPU
		{CD2C9E1A-F914-4E3D-A2B6-ACD273C46C02}.Debug|Any CPU.ActiveCfg = Debug|Any CPU
		{CD2C9E1A-F914-4E3D-A2B6-ACD273C46C02}.Debug|Any CPU.Build.0 = Debug|Any CPU
		{CD2C9E1A-F914-4E3D-A2B6-ACD273C46C02}.Debug|x64.ActiveCfg = Debug|Any CPU
		{CD2C9E1A-F914-4E3D-A2B6-ACD273C46C02}.Debug|x64.Build.0 = Debug|Any CPU
		{CD2C9E1A-F914-4E3D-A2B6-ACD273C46C02}.Debug|x86.ActiveCfg = Debug|Any CPU
		{CD2C9E1A-F914-4E3D-A2B6-ACD273C46C02}.Debug|x86.Build.0 = Debug|Any CPU
		{CD2C9E1A-F914-4E3D-A2B6-ACD273C46C02}.Release|Any CPU.ActiveCfg = Release|Any CPU
		{CD2C9E1A-F914-4E3D-A2B6-ACD273C46C02}.Release|Any CPU.Build.0 = Release|Any CPU
		{CD2C9E1A-F914-4E3D-A2B6-ACD273C46C02}.Release|x64.ActiveCfg = Release|Any CPU
		{CD2C9E1A-F914-4E3D-A2B6-ACD273C46C02}.Release|x64.Build.0 = Release|Any CPU
		{CD2C9E1A-F914-4E3D-A2B6-ACD273C46C02}.Release|x86.ActiveCfg = Release|Any CPU
		{CD2C9E1A-F914-4E3D-A2B6-ACD273C46C02}.Release|x86.Build.0 = Release|Any CPU
		{E3FC4664-DD32-44BE-8B21-2A41C47A1855}.Debug|Any CPU.ActiveCfg = Debug|Any CPU
		{E3FC4664-DD32-44BE-8B21-2A41C47A1855}.Debug|Any CPU.Build.0 = Debug|Any CPU
		{E3FC4664-DD32-44BE-8B21-2A41C47A1855}.Debug|x64.ActiveCfg = Debug|Any CPU
		{E3FC4664-DD32-44BE-8B21-2A41C47A1855}.Debug|x64.Build.0 = Debug|Any CPU
		{E3FC4664-DD32-44BE-8B21-2A41C47A1855}.Debug|x86.ActiveCfg = Debug|Any CPU
		{E3FC4664-DD32-44BE-8B21-2A41C47A1855}.Debug|x86.Build.0 = Debug|Any CPU
		{E3FC4664-DD32-44BE-8B21-2A41C47A1855}.Release|Any CPU.ActiveCfg = Release|Any CPU
		{E3FC4664-DD32-44BE-8B21-2A41C47A1855}.Release|Any CPU.Build.0 = Release|Any CPU
		{E3FC4664-DD32-44BE-8B21-2A41C47A1855}.Release|x64.ActiveCfg = Release|Any CPU
		{E3FC4664-DD32-44BE-8B21-2A41C47A1855}.Release|x64.Build.0 = Release|Any CPU
		{E3FC4664-DD32-44BE-8B21-2A41C47A1855}.Release|x86.ActiveCfg = Release|Any CPU
		{E3FC4664-DD32-44BE-8B21-2A41C47A1855}.Release|x86.Build.0 = Release|Any CPU
	EndGlobalSection
	GlobalSection(SolutionProperties) = preSolution
		HideSolutionNode = FALSE
	EndGlobalSection
	GlobalSection(NestedProjects) = preSolution
		{695DA26F-635B-4052-BD01-4184E42CA694} = {0B0F3652-B54A-4FD6-B16B-E751B4E8127F}
		{77035463-AA50-4861-A616-B7586F9BC036} = {0B0F3652-B54A-4FD6-B16B-E751B4E8127F}
		{1D4F3C0A-97F4-475D-96E0-7CDF7737ADEF} = {49255A73-E353-479F-9CA9-018FA3805D8F}
		{4CAABB81-BEBD-4659-BA77-E14A5658231A} = {1C2947CF-0C69-4B58-8769-2B1DDDAAD0C9}
		{C8312A55-B12A-470D-9993-F2DC46EA9073} = {02EA7345-6B15-4D05-B518-09CBF62AFD27}
		{EA9B1B55-9FBF-455C-A1D7-9A78D3988DA8} = {02EA7345-6B15-4D05-B518-09CBF62AFD27}
		{C30E317E-9B58-4B29-B0AB-A9EC75C52167} = {02EA7345-6B15-4D05-B518-09CBF62AFD27}
		{1D4CB57F-2306-4225-A832-6DDAC85BEB22} = {FA84FEFD-213D-4C92-977F-AB6284B8C9F7}
		{B650CFAF-86FC-48A2-BBAC-EFBD1D54B511} = {92926067-BC80-4B20-A390-981FC51F146C}
		{6C8C2CDB-BBB7-422A-85B3-53C8D55AB03D} = {17EF2C24-93F3-4005-8157-344FC9BCE37B}
		{3BF39C60-AFDD-4D16-8C3E-8B3CF97C1AF8} = {17EF2C24-93F3-4005-8157-344FC9BCE37B}
		{35D838E7-E94D-43A1-A77A-8959FFABE54E} = {17EF2C24-93F3-4005-8157-344FC9BCE37B}
		{8A2743B5-3CF0-4893-8FB5-0E14721A0C24} = {17EF2C24-93F3-4005-8157-344FC9BCE37B}
		{CD2C9E1A-F914-4E3D-A2B6-ACD273C46C02} = {17EF2C24-93F3-4005-8157-344FC9BCE37B}
		{E3FC4664-DD32-44BE-8B21-2A41C47A1855} = {17EF2C24-93F3-4005-8157-344FC9BCE37B}
	EndGlobalSection
	GlobalSection(ExtensibilityGlobals) = postSolution
		SolutionGuid = {E8096148-6670-49EA-9041-F68ABFF684B3}
	EndGlobalSection
EndGlobal
